
Microsoft Visual Studio Solution File, Format Version 12.00
# Visual Studio Version 16
VisualStudioVersion = 16.0.31729.503
MinimumVisualStudioVersion = 10.0.40219.1
Project("{FAE04EC0-301F-11D3-BF4B-00C04F79EFBC}") = "Exercicio de Fixação - Metodos estáticos", "Exercicio de Fixação - Metodos estáticos.csproj", "{4872A2B5-B946-4D51-92EC-5DC25CAB4806}"
EndProject
Global
	GlobalSection(SolutionConfigurationPlatforms) = preSolution
		Debug|Any CPU = Debug|Any CPU
		Release|Any CPU = Release|Any CPU
	EndGlobalSection
	GlobalSection(ProjectConfigurationPlatforms) = postSolution
		{4872A2B5-B946-4D51-92EC-5DC25CAB4806}.Debug|Any CPU.ActiveCfg = Debug|Any CPU
		{4872A2B5-B946-4D51-92EC-5DC25CAB4806}.Debug|Any CPU.Build.0 = Debug|Any CPU
		{4872A2B5-B946-4D51-92EC-5DC25CAB4806}.Release|Any CPU.ActiveCfg = Release|Any CPU
		{4872A2B5-B946-4D51-92EC-5DC25CAB4806}.Release|Any CPU.Build.0 = Release|Any CPU
	EndGlobalSection
	GlobalSection(SolutionProperties) = preSolution
		HideSolutionNode = FALSE
	EndGlobalSection
	GlobalSection(ExtensibilityGlobals) = postSolution
		SolutionGuid = {F91D759B-326D-4940-BCF1-EE12A4975490}
	EndGlobalSection
EndGlobal
