
Microsoft Visual Studio Solution File, Format Version 12.00
# Visual Studio Version 16
VisualStudioVersion = 16.0.31729.503
MinimumVisualStudioVersion = 10.0.40219.1
Project("{FAE04EC0-301F-11D3-BF4B-00C04F79EFBC}") = "Exercício3", "Exercício3.csproj", "{F5392E7F-BE77-4C03-ADBA-F52D10CE82E3}"
EndProject
Global
	GlobalSection(SolutionConfigurationPlatforms) = preSolution
		Debug|Any CPU = Debug|Any CPU
		Release|Any CPU = Release|Any CPU
	EndGlobalSection
	GlobalSection(ProjectConfigurationPlatforms) = postSolution
		{F5392E7F-BE77-4C03-ADBA-F52D10CE82E3}.Debug|Any CPU.ActiveCfg = Debug|Any CPU
		{F5392E7F-BE77-4C03-ADBA-F52D10CE82E3}.Debug|Any CPU.Build.0 = Debug|Any CPU
		{F5392E7F-BE77-4C03-ADBA-F52D10CE82E3}.Release|Any CPU.ActiveCfg = Release|Any CPU
		{F5392E7F-BE77-4C03-ADBA-F52D10CE82E3}.Release|Any CPU.Build.0 = Release|Any CPU
	EndGlobalSection
	GlobalSection(SolutionProperties) = preSolution
		HideSolutionNode = FALSE
	EndGlobalSection
	GlobalSection(ExtensibilityGlobals) = postSolution
		SolutionGuid = {CFA5E501-D0E2-480C-8F9C-12C3A5F3E884}
	EndGlobalSection
EndGlobal
