
Microsoft Visual Studio Solution File, Format Version 12.00
# Visual Studio Version 16
VisualStudioVersion = 16.0.31729.503
MinimumVisualStudioVersion = 10.0.40219.1
Project("{FAE04EC0-301F-11D3-BF4B-00C04F79EFBC}") = "TestesMembrosEstaticos", "TestesMembrosEstaticos.csproj", "{182036C2-DDFE-4A0F-9724-D810D4077F1C}"
EndProject
Global
	GlobalSection(SolutionConfigurationPlatforms) = preSolution
		Debug|Any CPU = Debug|Any CPU
		Release|Any CPU = Release|Any CPU
	EndGlobalSection
	GlobalSection(ProjectConfigurationPlatforms) = postSolution
		{182036C2-DDFE-4A0F-9724-D810D4077F1C}.Debug|Any CPU.ActiveCfg = Debug|Any CPU
		{182036C2-DDFE-4A0F-9724-D810D4077F1C}.Debug|Any CPU.Build.0 = Debug|Any CPU
		{182036C2-DDFE-4A0F-9724-D810D4077F1C}.Release|Any CPU.ActiveCfg = Release|Any CPU
		{182036C2-DDFE-4A0F-9724-D810D4077F1C}.Release|Any CPU.Build.0 = Release|Any CPU
	EndGlobalSection
	GlobalSection(SolutionProperties) = preSolution
		HideSolutionNode = FALSE
	EndGlobalSection
	GlobalSection(ExtensibilityGlobals) = postSolution
		SolutionGuid = {5AA26CF2-D8C1-4C7C-B938-052F6600CA05}
	EndGlobalSection
EndGlobal
